{
  "name": "miniprogram-ts-less-quickstart",
  "version": "1.0.0",
  "lockfileVersion": 2,
  "requires": true,
  "packages": {
    "": {
      "name": "miniprogram-ts-less-quickstart",
      "version": "1.0.0",
      "license": "ISC",
      "dependencies": {
        "tdesign-miniprogram": "^1.4.5"
      },
      "devDependencies": {
        "miniprogram-api-typings": "^2.8.3-1"
      }
    },
    "node_modules/dayjs": {
      "version": "1.11.11",
      "resolved": "https://registry.npmmirror.com/dayjs/-/dayjs-1.11.11.tgz",
      "integrity": "sha512-okzr3f11N6WuqYtZSvm+F776mB41wRZMhKP+hc34YdW+KmtYYK9iqvHSwo2k9FEH3fhGXvOPV6yz2IcSrfRUDg=="
    },
    "node_modules/miniprogram-api-typings": {
      "version": "2.12.0",
      "resolved": "https://registry.npmmirror.com/miniprogram-api-typings/-/miniprogram-api-typings-2.12.0.tgz",
      "integrity": "sha512-ibvbqeslVFur0IAvTxLMvsbtvVcMo6gwvOnj0YZHV7aeDLu091VQRrETT2QuiG9P6aZWRcxeNGJChRKVPCp9VQ==",
      "dev": true
    },
    "node_modules/tdesign-miniprogram": {
      "version": "1.4.5",
      "resolved": "https://registry.npmmirror.com/tdesign-miniprogram/-/tdesign-miniprogram-1.4.5.tgz",
      "integrity": "sha512-+QK6cR0lf6a54oUL5qBqzzOHJwj+aCDEVlXxGqSgfzPLQkqpIyW/hiTATily6m69/K+8yFvFmweVyXbImrR02A==",
      "dependencies": {
        "dayjs": "^1.10.7"
      }
    }
  },
  "dependencies": {
    "dayjs": {
      "version": "1.11.11",
      "resolved": "https://registry.npmmirror.com/dayjs/-/dayjs-1.11.11.tgz",
      "integrity": "sha512-okzr3f11N6WuqYtZSvm+F776mB41wRZMhKP+hc34YdW+KmtYYK9iqvHSwo2k9FEH3fhGXvOPV6yz2IcSrfRUDg=="
    },
    "miniprogram-api-typings": {
      "version": "2.12.0",
      "resolved": "https://registry.npmmirror.com/miniprogram-api-typings/-/miniprogram-api-typings-2.12.0.tgz",
      "integrity": "sha512-ibvbqeslVFur0IAvTxLMvsbtvVcMo6gwvOnj0YZHV7aeDLu091VQRrETT2QuiG9P6aZWRcxeNGJChRKVPCp9VQ==",
      "dev": true
    },
    "tdesign-miniprogram": {
      "version": "1.4.5",
      "resolved": "https://registry.npmmirror.com/tdesign-miniprogram/-/tdesign-miniprogram-1.4.5.tgz",
      "integrity": "sha512-+QK6cR0lf6a54oUL5qBqzzOHJwj+aCDEVlXxGqSgfzPLQkqpIyW/hiTATily6m69/K+8yFvFmweVyXbImrR02A==",
      "requires": {
        "dayjs": "^1.10.7"
      }
    }
  }
}
